# THIS IS AN AUTOGENERATED FILE. DO NOT EDIT THIS FILE DIRECTLY.
# yarn lockfile v1


"@mdi/font@^7.4.47":
  version "7.4.47"
  resolved "https://registry.yarnpkg.com/@mdi/font/-/font-7.4.47.tgz#2ae522867da3a5c88b738d54b403eb91471903af"
  integrity sha512-43MtGpd585SNzHZPcYowu/84Vz2a2g31TvPMTm9uTiCSWzaheQySUcSyUH/46fPnuPQWof2yd0pGBtzee/IQWw==
